{
  "name": "web-extension-messenger",
  "version": "0.1.18",
  "lockfileVersion": 1,
  "requires": true,
  "dependencies": {
    "@types/chrome": {
      "version": "0.0.143",
      "resolved": "https://registry.npmjs.org/@types/chrome/-/chrome-0.0.143.tgz",
      "integrity": "sha512-tkPDutWjEl/9hPnfR48IJLpH2Xg1Zs/vxfODRp7duY5a4frkULOHvEED8moJsELTrFkiEciwCxAjxVk2XhKSsA==",
      "dev": true,
      "requires": {
        "@types/filesystem": "*",
        "@types/har-format": "*"
      }
    },
    "@types/filesystem": {
      "version": "0.0.30",
      "resolved": "https://registry.npmjs.org/@types/filesystem/-/filesystem-0.0.30.tgz",
      "integrity": "sha512-NCoRgmGmLpTT9VFL6Bb6z0jQuqI3d0E5FGl7M0JOv/J5RQYo9s5aOItPYnpckx9MbYQk1APLXcF8f20Vqnf2yA==",
      "dev": true,
      "requires": {
        "@types/filewriter": "*"
      }
    },
    "@types/filewriter": {
      "version": "0.0.29",
      "resolved": "https://registry.npmjs.org/@types/filewriter/-/filewriter-0.0.29.tgz",
      "integrity": "sha512-BsPXH/irW0ht0Ji6iw/jJaK8Lj3FJemon2gvEqHKpCdDCeemHa+rI3WBGq5z7cDMZgoLjY40oninGxqk+8NzNQ==",
      "dev": true
    },
    "@types/firefox-webext-browser": {
      "version": "78.0.1",
      "resolved": "https://registry.npmjs.org/@types/firefox-webext-browser/-/firefox-webext-browser-78.0.1.tgz",
      "integrity": "sha512-0d7oiI9K6Y4efP4Crl3JB88zYl7vaRdLtumqz8v6axMF8RCnK0NaGUjL4DnyQ7GLPo98b+s0BSRalaxAXgvPAQ==",
      "dev": true
    },
    "@types/har-format": {
      "version": "1.2.5",
      "resolved": "https://registry.npmjs.org/@types/har-format/-/har-format-1.2.5.tgz",
      "integrity": "sha512-IG8AE1m2pWtPqQ7wXhFhy6Q59bwwnLwO36v5Rit2FrbXCIp8Sk8E2PfUCreyrdo17STwFSKDAkitVuVYbpEHvQ==",
      "dev": true
    }
  }
}
