{
  "name": "web-extension-messenger",
  "version": "0.1.18",
  "lockfileVersion": 1,
  "requires": true,
  "dependencies": {
    "@types/chrome": {
      "version": "0.0.130",
      "resolved": "https://registry.npmjs.org/@types/chrome/-/chrome-0.0.130.tgz",
      "integrity": "sha512-pAHbcPeOmjNCF5EoUCAZk3+5lll1yyIDP+CZRNf1Dk8LaANkNBNZ5szHqeYYVjMyEGP6yIFeaO+Y7qNpz1hVOw==",
      "dev": true,
      "requires": {
        "@types/filesystem": "*",
        "@types/har-format": "*"
      }
    },
    "@types/filesystem": {
      "version": "0.0.29",
      "resolved": "https://registry.npmjs.org/@types/filesystem/-/filesystem-0.0.29.tgz",
      "integrity": "sha512-85/1KfRedmfPGsbK8YzeaQUyV1FQAvMPMTuWFQ5EkLd2w7szhNO96bk3Rh/SKmOfd9co2rCLf0Voy4o7ECBOvw==",
      "dev": true,
      "requires": {
        "@types/filewriter": "*"
      }
    },
    "@types/filewriter": {
      "version": "0.0.28",
      "resolved": "https://registry.npmjs.org/@types/filewriter/-/filewriter-0.0.28.tgz",
      "integrity": "sha1-wFTor02d11205jq8dviFFocU1LM=",
      "dev": true
    },
    "@types/firefox-webext-browser": {
      "version": "78.0.1",
      "resolved": "https://registry.npmjs.org/@types/firefox-webext-browser/-/firefox-webext-browser-78.0.1.tgz",
      "integrity": "sha512-0d7oiI9K6Y4efP4Crl3JB88zYl7vaRdLtumqz8v6axMF8RCnK0NaGUjL4DnyQ7GLPo98b+s0BSRalaxAXgvPAQ==",
      "dev": true
    },
    "@types/har-format": {
      "version": "1.2.5",
      "resolved": "https://registry.npmjs.org/@types/har-format/-/har-format-1.2.5.tgz",
      "integrity": "sha512-IG8AE1m2pWtPqQ7wXhFhy6Q59bwwnLwO36v5Rit2FrbXCIp8Sk8E2PfUCreyrdo17STwFSKDAkitVuVYbpEHvQ==",
      "dev": true
    }
  }
}
