{
  "name": "web-extension-messenger",
  "version": "0.1.18",
  "lockfileVersion": 1,
  "requires": true,
  "dependencies": {
    "@types/chrome": {
      "version": "0.0.148",
      "resolved": "https://registry.npmjs.org/@types/chrome/-/chrome-0.0.148.tgz",
      "integrity": "sha512-CiQreYyTemJuwWbW/vgtnx32c50yXfqnxYj6aXMU+O/c9XHDOB6ILbzIl4Ngs430T1HdzcdpsxIZXKesDADJwg==",
      "dev": true,
      "requires": {
        "@types/filesystem": "*",
        "@types/har-format": "*"
      }
    },
    "@types/filesystem": {
      "version": "0.0.32",
      "resolved": "https://registry.npmjs.org/@types/filesystem/-/filesystem-0.0.32.tgz",
      "integrity": "sha512-Yuf4jR5YYMR2DVgwuCiP11s0xuVRyPKmz8vo6HBY3CGdeMj8af93CFZX+T82+VD1+UqHOxTq31lO7MI7lepBtQ==",
      "dev": true,
      "requires": {
        "@types/filewriter": "*"
      }
    },
    "@types/filewriter": {
      "version": "0.0.29",
      "resolved": "https://registry.npmjs.org/@types/filewriter/-/filewriter-0.0.29.tgz",
      "integrity": "sha512-BsPXH/irW0ht0Ji6iw/jJaK8Lj3FJemon2gvEqHKpCdDCeemHa+rI3WBGq5z7cDMZgoLjY40oninGxqk+8NzNQ==",
      "dev": true
    },
    "@types/firefox-webext-browser": {
      "version": "78.0.1",
      "resolved": "https://registry.npmjs.org/@types/firefox-webext-browser/-/firefox-webext-browser-78.0.1.tgz",
      "integrity": "sha512-0d7oiI9K6Y4efP4Crl3JB88zYl7vaRdLtumqz8v6axMF8RCnK0NaGUjL4DnyQ7GLPo98b+s0BSRalaxAXgvPAQ==",
      "dev": true
    },
    "@types/har-format": {
      "version": "1.2.7",
      "resolved": "https://registry.npmjs.org/@types/har-format/-/har-format-1.2.7.tgz",
      "integrity": "sha512-/TPzUG0tJn5x1TUcVLlDx2LqbE58hyOzDVAc9kf8SpOEmguHjU6bKUyfqb211AdqLOmU/SNyXvLKPNP5qTlfRw==",
      "dev": true
    }
  }
}
